
Microsoft Visual Studio Solution File, Format Version 12.00
# Visual Studio Version 16
VisualStudioVersion = 16.0.32002.261
MinimumVisualStudioVersion = 10.0.40219.1
Project("{888888A0-9F3D-457C-B088-3A5042F75D52}") = "VisualBubbleSort", "VisualBubbleSort.pyproj", "{2DFF5E71-1062-44ED-81C1-FD04E7F4AE44}"
EndProject
Global
	GlobalSection(SolutionConfigurationPlatforms) = preSolution
		Debug|Any CPU = Debug|Any CPU
		Release|Any CPU = Release|Any CPU
	EndGlobalSection
	GlobalSection(ProjectConfigurationPlatforms) = postSolution
		{2DFF5E71-1062-44ED-81C1-FD04E7F4AE44}.Debug|Any CPU.ActiveCfg = Debug|Any CPU
		{2DFF5E71-1062-44ED-81C1-FD04E7F4AE44}.Release|Any CPU.ActiveCfg = Release|Any CPU
	EndGlobalSection
	GlobalSection(SolutionProperties) = preSolution
		HideSolutionNode = FALSE
	EndGlobalSection
	GlobalSection(ExtensibilityGlobals) = postSolution
		SolutionGuid = {2BD3D4C9-1469-4F7A-ADC0-B8DF0EE5F71B}
	EndGlobalSection
EndGlobal
